
Microsoft Visual Studio Solution File, Format Version 12.00
# Visual Studio Version 16
VisualStudioVersion = 16.0.31702.278
MinimumVisualStudioVersion = 10.0.40219.1
Project("{FAE04EC0-301F-11D3-BF4B-00C04F79EFBC}") = "Lab23HomeWork23", "Lab23HomeWork23\Lab23HomeWork23.csproj", "{27B083AD-1E2A-407C-8555-0ABDC5E312F9}"
EndProject
Global
	GlobalSection(SolutionConfigurationPlatforms) = preSolution
		Debug|Any CPU = Debug|Any CPU
		Release|Any CPU = Release|Any CPU
	EndGlobalSection
	GlobalSection(ProjectConfigurationPlatforms) = postSolution
		{27B083AD-1E2A-407C-8555-0ABDC5E312F9}.Debug|Any CPU.ActiveCfg = Debug|Any CPU
		{27B083AD-1E2A-407C-8555-0ABDC5E312F9}.Debug|Any CPU.Build.0 = Debug|Any CPU
		{27B083AD-1E2A-407C-8555-0ABDC5E312F9}.Release|Any CPU.ActiveCfg = Release|Any CPU
		{27B083AD-1E2A-407C-8555-0ABDC5E312F9}.Release|Any CPU.Build.0 = Release|Any CPU
	EndGlobalSection
	GlobalSection(SolutionProperties) = preSolution
		HideSolutionNode = FALSE
	EndGlobalSection
	GlobalSection(ExtensibilityGlobals) = postSolution
		SolutionGuid = {71C395C7-9780-4462-B805-A29DA3EFC1BA}
	EndGlobalSection
EndGlobal
